
Microsoft Visual Studio Solution File, Format Version 12.00
# Visual Studio Version 17
VisualStudioVersion = 17.9.34607.119
MinimumVisualStudioVersion = 10.0.40219.1
Project("{FAE04EC0-301F-11D3-BF4B-00C04F79EFBC}") = "Webcuoiki2", "Webcuoiki2\Webcuoiki2.csproj", "{559FE6BA-A262-4C4C-A4F0-B5F36EADF8E2}"
EndProject
Global
	GlobalSection(SolutionConfigurationPlatforms) = preSolution
		Debug|Any CPU = Debug|Any CPU
		Release|Any CPU = Release|Any CPU
	EndGlobalSection
	GlobalSection(ProjectConfigurationPlatforms) = postSolution
		{559FE6BA-A262-4C4C-A4F0-B5F36EADF8E2}.Debug|Any CPU.ActiveCfg = Debug|Any CPU
		{559FE6BA-A262-4C4C-A4F0-B5F36EADF8E2}.Debug|Any CPU.Build.0 = Debug|Any CPU
		{559FE6BA-A262-4C4C-A4F0-B5F36EADF8E2}.Release|Any CPU.ActiveCfg = Release|Any CPU
		{559FE6BA-A262-4C4C-A4F0-B5F36EADF8E2}.Release|Any CPU.Build.0 = Release|Any CPU
	EndGlobalSection
	GlobalSection(SolutionProperties) = preSolution
		HideSolutionNode = FALSE
	EndGlobalSection
	GlobalSection(ExtensibilityGlobals) = postSolution
		SolutionGuid = {327E4BC1-4F99-440B-9C40-64383430BE71}
	EndGlobalSection
EndGlobal
